
Microsoft Visual Studio Solution File, Format Version 12.00
# Visual Studio Version 17
VisualStudioVersion = 17.12.35527.113
MinimumVisualStudioVersion = 10.0.40219.1
Project("{FAE04EC0-301F-11D3-BF4B-00C04F79EFBC}") = "CompanyCommander.Client", "CompanyCommander.Client\CompanyCommander.Client.csproj", "{335C6150-6E33-4714-AB31-E228C026FBF6}"
EndProject
Project("{FAE04EC0-301F-11D3-BF4B-00C04F79EFBC}") = "CompanyCommander", "CompanyCommander\CompanyCommander.csproj", "{E5B966BD-48F6-4D20-BD02-79EEA2D29C50}"
EndProject
Global
	GlobalSection(SolutionConfigurationPlatforms) = preSolution
		Debug|Any CPU = Debug|Any CPU
		Release|Any CPU = Release|Any CPU
	EndGlobalSection
	GlobalSection(ProjectConfigurationPlatforms) = postSolution
		{335C6150-6E33-4714-AB31-E228C026FBF6}.Debug|Any CPU.ActiveCfg = Debug|Any CPU
		{335C6150-6E33-4714-AB31-E228C026FBF6}.Debug|Any CPU.Build.0 = Debug|Any CPU
		{335C6150-6E33-4714-AB31-E228C026FBF6}.Release|Any CPU.ActiveCfg = Release|Any CPU
		{335C6150-6E33-4714-AB31-E228C026FBF6}.Release|Any CPU.Build.0 = Release|Any CPU
		{E5B966BD-48F6-4D20-BD02-79EEA2D29C50}.Debug|Any CPU.ActiveCfg = Debug|Any CPU
		{E5B966BD-48F6-4D20-BD02-79EEA2D29C50}.Debug|Any CPU.Build.0 = Debug|Any CPU
		{E5B966BD-48F6-4D20-BD02-79EEA2D29C50}.Release|Any CPU.ActiveCfg = Release|Any CPU
		{E5B966BD-48F6-4D20-BD02-79EEA2D29C50}.Release|Any CPU.Build.0 = Release|Any CPU
	EndGlobalSection
	GlobalSection(SolutionProperties) = preSolution
		HideSolutionNode = FALSE
	EndGlobalSection
EndGlobal
